version = 1
revision = 2
requires-python = ">=3.13"

[[package]]
name = "cmd2"
version = "2.6.0"
source = { registry = "https://pypi.org/simple" }
dependencies = [
    { name = "gnureadline", marker = "sys_platform == 'darwin'" },
    { name = "pyperclip" },
    { name = "pyreadline3", marker = "sys_platform == 'win32'" },
    { name = "wcwidth" },
]
sdist = { url = "https://files.pythonhosted.org/packages/35/94/41f51eb812275bb74359cbbd7e06586a406c29a745b689779eb3a3b393ca/cmd2-2.6.0.tar.gz", hash = "sha256:8cffaba7810526421cab3bfa0101b4907e1298ff2bcd8119615965a2eae5d95f", size = 887304, upload-time = "2025-05-31T16:00:51.174Z" }
wheels = [
    { url = "https://files.pythonhosted.org/packages/31/27/6f378bce35cce4454defa4d8512ff29f426a47bffd5411d7c4061912f9f9/cmd2-2.6.0-py3-none-any.whl", hash = "sha256:832f8121c4f21ebf2af4292051b34579d7d4c9e917dc54f8e322feb911d76da1", size = 153237, upload-time = "2025-05-31T16:00:48.319Z" },
]

[[package]]
name = "gnureadline"
version = "8.2.13"
source = { registry = "https://pypi.org/simple" }
sdist = { url = "https://files.pythonhosted.org/packages/cb/92/20723aa239b9a8024e6f8358c789df8859ab1085a1ae106e5071727ad20f/gnureadline-8.2.13.tar.gz", hash = "sha256:c9b9e1e7ba99a80bb50c12027d6ce692574f77a65bf57bc97041cf81c0f49bd1", size = 3224991, upload-time = "2024-10-18T14:03:11.727Z" }
wheels = [
    { url = "https://files.pythonhosted.org/packages/a1/b0/4a3c55a05b4c1c240fd6dc204ff597432008c4649ce500688a2441d27cf4/gnureadline-8.2.13-cp313-cp313-macosx_10_13_x86_64.whl", hash = "sha256:2d3e33d2e0dd694d623a2ca1fae6990b52f1d25955504b7293a9350fb9912940", size = 160646, upload-time = "2024-10-18T14:04:00.723Z" },
    { url = "https://files.pythonhosted.org/packages/3a/41/8821db40f2b0dd9cc935d6838bc63776fb5bfb1df092f8d4698ec29ada6a/gnureadline-8.2.13-cp313-cp313-macosx_11_0_arm64.whl", hash = "sha256:6c550d08c4d2882a83293a724b14a262ee5078fd4fa7acdc78aa59cab26ae343", size = 162630, upload-time = "2024-10-18T14:04:02.711Z" },
]

[[package]]
name = "paho-mqtt"
version = "2.1.0"
source = { registry = "https://pypi.org/simple" }
sdist = { url = "https://files.pythonhosted.org/packages/39/15/0a6214e76d4d32e7f663b109cf71fb22561c2be0f701d67f93950cd40542/paho_mqtt-2.1.0.tar.gz", hash = "sha256:12d6e7511d4137555a3f6ea167ae846af2c7357b10bc6fa4f7c3968fc1723834", size = 148848, upload-time = "2024-04-29T19:52:55.591Z" }
wheels = [
    { url = "https://files.pythonhosted.org/packages/c4/cb/00451c3cf31790287768bb12c6bec834f5d292eaf3022afc88e14b8afc94/paho_mqtt-2.1.0-py3-none-any.whl", hash = "sha256:6db9ba9b34ed5bc6b6e3812718c7e06e2fd7444540df2455d2c51bd58808feee", size = 67219, upload-time = "2024-04-29T19:52:48.345Z" },
]

[[package]]
name = "pyperclip"
version = "1.9.0"
source = { registry = "https://pypi.org/simple" }
sdist = { url = "https://files.pythonhosted.org/packages/30/23/2f0a3efc4d6a32f3b63cdff36cd398d9701d26cda58e3ab97ac79fb5e60d/pyperclip-1.9.0.tar.gz", hash = "sha256:b7de0142ddc81bfc5c7507eea19da920b92252b548b96186caf94a5e2527d310", size = 20961, upload-time = "2024-06-18T20:38:48.401Z" }

[[package]]
name = "pyreadline3"
version = "3.5.4"
source = { registry = "https://pypi.org/simple" }
sdist = { url = "https://files.pythonhosted.org/packages/0f/49/4cea918a08f02817aabae639e3d0ac046fef9f9180518a3ad394e22da148/pyreadline3-3.5.4.tar.gz", hash = "sha256:8d57d53039a1c75adba8e50dd3d992b28143480816187ea5efbd5c78e6c885b7", size = 99839, upload-time = "2024-09-19T02:40:10.062Z" }
wheels = [
    { url = "https://files.pythonhosted.org/packages/5a/dc/491b7661614ab97483abf2056be1deee4dc2490ecbf7bff9ab5cdbac86e1/pyreadline3-3.5.4-py3-none-any.whl", hash = "sha256:eaf8e6cc3c49bcccf145fc6067ba8643d1df34d604a1ec0eccbf7a18e6d3fae6", size = 83178, upload-time = "2024-09-19T02:40:08.598Z" },
]

[[package]]
name = "rybicka"
version = "0.0.1"
source = { editable = "." }
dependencies = [
    { name = "cmd2" },
    { name = "paho-mqtt" },
]

[package.metadata]
requires-dist = [
    { name = "cmd2", specifier = ">=2.6.0" },
    { name = "paho-mqtt", specifier = ">=2.1.0" },
]

[[package]]
name = "wcwidth"
version = "0.2.13"
source = { registry = "https://pypi.org/simple" }
sdist = { url = "https://files.pythonhosted.org/packages/6c/63/53559446a878410fc5a5974feb13d31d78d752eb18aeba59c7fef1af7598/wcwidth-0.2.13.tar.gz", hash = "sha256:72ea0c06399eb286d978fdedb6923a9eb47e1c486ce63e9b4e64fc18303972b5", size = 101301, upload-time = "2024-01-06T02:10:57.829Z" }
wheels = [
    { url = "https://files.pythonhosted.org/packages/fd/84/fd2ba7aafacbad3c4201d395674fc6348826569da3c0937e75505ead3528/wcwidth-0.2.13-py2.py3-none-any.whl", hash = "sha256:3da69048e4540d84af32131829ff948f1e022c1c6bdb8d6102117aac784f6859", size = 34166, upload-time = "2024-01-06T02:10:55.763Z" },
]
